
Microsoft Visual Studio Solution File, Format Version 12.00
# Visual Studio 15
VisualStudioVersion = 15.0.27703.2042
MinimumVisualStudioVersion = 10.0.40219.1
Project("{FAE04EC0-301F-11D3-BF4B-00C04F79EFBC}") = "WinForm", "WinForm\WinForm.csproj", "{2CE70DB1-C4E1-47F8-85DE-41F407029D0A}"
EndProject
Project("{FAE04EC0-301F-11D3-BF4B-00C04F79EFBC}") = "Logica", "Operaciones\Logica.csproj", "{090F7B4A-EB8A-428D-9A27-28BC3190DBFF}"
EndProject
Project("{FAE04EC0-301F-11D3-BF4B-00C04F79EFBC}") = "Comun", "Comun\Comun.csproj", "{20D86521-5B84-402F-8CBB-62BFB6AC9C85}"
EndProject
Global
	GlobalSection(SolutionConfigurationPlatforms) = preSolution
		Debug|Any CPU = Debug|Any CPU
		Release|Any CPU = Release|Any CPU
	EndGlobalSection
	GlobalSection(ProjectConfigurationPlatforms) = postSolution
		{2CE70DB1-C4E1-47F8-85DE-41F407029D0A}.Debug|Any CPU.ActiveCfg = Debug|Any CPU
		{2CE70DB1-C4E1-47F8-85DE-41F407029D0A}.Debug|Any CPU.Build.0 = Debug|Any CPU
		{2CE70DB1-C4E1-47F8-85DE-41F407029D0A}.Release|Any CPU.ActiveCfg = Release|Any CPU
		{2CE70DB1-C4E1-47F8-85DE-41F407029D0A}.Release|Any CPU.Build.0 = Release|Any CPU
		{090F7B4A-EB8A-428D-9A27-28BC3190DBFF}.Debug|Any CPU.ActiveCfg = Debug|Any CPU
		{090F7B4A-EB8A-428D-9A27-28BC3190DBFF}.Debug|Any CPU.Build.0 = Debug|Any CPU
		{090F7B4A-EB8A-428D-9A27-28BC3190DBFF}.Release|Any CPU.ActiveCfg = Release|Any CPU
		{090F7B4A-EB8A-428D-9A27-28BC3190DBFF}.Release|Any CPU.Build.0 = Release|Any CPU
		{20D86521-5B84-402F-8CBB-62BFB6AC9C85}.Debug|Any CPU.ActiveCfg = Debug|Any CPU
		{20D86521-5B84-402F-8CBB-62BFB6AC9C85}.Debug|Any CPU.Build.0 = Debug|Any CPU
		{20D86521-5B84-402F-8CBB-62BFB6AC9C85}.Release|Any CPU.ActiveCfg = Release|Any CPU
		{20D86521-5B84-402F-8CBB-62BFB6AC9C85}.Release|Any CPU.Build.0 = Release|Any CPU
	EndGlobalSection
	GlobalSection(SolutionProperties) = preSolution
		HideSolutionNode = FALSE
	EndGlobalSection
	GlobalSection(ExtensibilityGlobals) = postSolution
		SolutionGuid = {5C39E39F-C55F-45E5-BC41-E1AD814D8F3F}
	EndGlobalSection
EndGlobal
